
Microsoft Visual Studio Solution File, Format Version 12.00
# Visual Studio Version 16
VisualStudioVersion = 16.0.29926.136
MinimumVisualStudioVersion = 10.0.40219.1
Project("{888888A0-9F3D-457C-B088-3A5042F75D52}") = "UDPserveri", "UDPserveri\UDPserveri.pyproj", "{6EB0FE11-02B0-4EEE-860A-4EE0BCF5DDCC}"
EndProject
Global
	GlobalSection(SolutionConfigurationPlatforms) = preSolution
		Debug|Any CPU = Debug|Any CPU
		Release|Any CPU = Release|Any CPU
	EndGlobalSection
	GlobalSection(ProjectConfigurationPlatforms) = postSolution
		{6EB0FE11-02B0-4EEE-860A-4EE0BCF5DDCC}.Debug|Any CPU.ActiveCfg = Debug|Any CPU
		{6EB0FE11-02B0-4EEE-860A-4EE0BCF5DDCC}.Release|Any CPU.ActiveCfg = Release|Any CPU
	EndGlobalSection
	GlobalSection(SolutionProperties) = preSolution
		HideSolutionNode = FALSE
	EndGlobalSection
	GlobalSection(ExtensibilityGlobals) = postSolution
		SolutionGuid = {E9150EA4-992C-4FC7-8D55-F92A86AC189E}
	EndGlobalSection
EndGlobal
